schema: '2.0'
stages:
  preprocessing:
    cmd: python3 data_governance/code/preprocess.py 
      '/data_governance/data/input/train.csv' 
      '/data_governance/data/processed/train.parquet' 'Review'
    deps:
    - path: data_governance/code/preprocess.py
      hash: md5
      md5: 0623cd0494b451bef11827eb61a4511a
      size: 2587
    - path: data_governance/data/input/train.csv
      hash: md5
      md5: 520937107c39a2d1d1f66cd410e9ed9e
      size: 1585200224
    outs:
    - path: data_governance/data/processed/train.parquet
      hash: md5
      md5: b313374d0b1aa918d2c40562dc2cbd8a
      size: 14640088
  vectorize:
    cmd: python3 data_governance/code/vectorize.py 
      '/data_governance/data/processed/train.parquet' 
      '/data_governance/data/models/vectorizer.pickle' 
      '/data_governance/data/features/train.parquet' 
      '/data_governance/data/features/test.parquet'
    deps:
    - path: data_governance/code/vectorize.py
      hash: md5
      md5: 568c20d9088e849c08e521c55f66b22d
      size: 1689
    - path: data_governance/data/processed/train.parquet
      hash: md5
      md5: b313374d0b1aa918d2c40562dc2cbd8a
      size: 14640088
    outs:
    - path: data_governance/data/features/test.parquet
      hash: md5
      md5: 57cc9999fe17821e224e4627d49d0ada
      size: 4539504
    - path: data_governance/data/features/train.parquet
      hash: md5
      md5: 017791b0b71d9b7e052e63a1dd1fd19f
      size: 10616033
    - path: data_governance/data/models/vectorizer.pickle
      hash: md5
      md5: e9183cc60ebd205912c44a63b99c74d4
      size: 368037
  apply_vectorizer:
    cmd: python3 data_governance/code/apply_vectorizer.py 
      '/data_governance/data/features/train.parquet' 
      '/data_governance/data/models/vectorizer.pickle' 
      '/data_governance/data/prepared/train_features.npz' 
      '/data_governance/data/prepared/train_target.npy'
    deps:
    - path: data_governance/code/apply_vectorizer.py
      hash: md5
      md5: ef0bf328a07833e6115430953ad6beb9
      size: 1257
    - path: data_governance/data/features/train.parquet
      hash: md5
      md5: 017791b0b71d9b7e052e63a1dd1fd19f
      size: 10616033
    - path: data_governance/data/models/vectorizer.pickle
      hash: md5
      md5: e9183cc60ebd205912c44a63b99c74d4
      size: 368037
    outs:
    - path: data_governance/data/prepared/train_features.npz
      hash: md5
      md5: 0a0a9047cd775709bfc526bd936714e4
      size: 9832606
    - path: data_governance/data/prepared/train_target.npy
      hash: md5
      md5: bde885dc46d3599be1ef22972ab13d76
      size: 280128
  apply_vectorizer@train:
    cmd: python3 data_governance/code/apply_vectorizer.py 
      '/data_governance/data/features/train.parquet' 
      '/data_governance/data/models/vectorizer.pickle' 
      '/data_governance/data/prepared/train_features.npz' 
      '/data_governance/data/prepared/train_target.npy'
    deps:
    - path: data_governance/code/apply_vectorizer.py
      hash: md5
      md5: ef0bf328a07833e6115430953ad6beb9
      size: 1257
    - path: data_governance/data/features/train.parquet
      hash: md5
      md5: 017791b0b71d9b7e052e63a1dd1fd19f
      size: 10616033
    - path: data_governance/data/models/vectorizer.pickle
      hash: md5
      md5: e9183cc60ebd205912c44a63b99c74d4
      size: 368037
    outs:
    - path: data_governance/data/prepared/train_features.npz
      hash: md5
      md5: 0a0a9047cd775709bfc526bd936714e4
      size: 9832606
    - path: data_governance/data/prepared/train_target.npy
      hash: md5
      md5: bde885dc46d3599be1ef22972ab13d76
      size: 280128
  apply_vectorizer@test:
    cmd: python3 data_governance/code/apply_vectorizer.py 
      '/data_governance/data/features/test.parquet' 
      '/data_governance/data/models/vectorizer.pickle' 
      '/data_governance/data/prepared/test_features.npz' 
      '/data_governance/data/prepared/test_target.npy'
    deps:
    - path: data_governance/code/apply_vectorizer.py
      hash: md5
      md5: ef0bf328a07833e6115430953ad6beb9
      size: 1257
    - path: data_governance/data/features/test.parquet
      hash: md5
      md5: 57cc9999fe17821e224e4627d49d0ada
      size: 4539504
    - path: data_governance/data/models/vectorizer.pickle
      hash: md5
      md5: e9183cc60ebd205912c44a63b99c74d4
      size: 368037
    outs:
    - path: data_governance/data/prepared/test_features.npz
      hash: md5
      md5: 495df2501ee75f11748e5fcbeaeb09c7
      size: 4172200
    - path: data_governance/data/prepared/test_target.npy
      hash: md5
      md5: 9d82a601e3b13d323f43a922411484a0
      size: 120128
